
Microsoft Visual Studio Solution File, Format Version 12.00
# Visual Studio Version 17
VisualStudioVersion = 17.14.36616.10 d17.14
MinimumVisualStudioVersion = 10.0.40219.1
Project("{FAE04EC0-301F-11D3-BF4B-00C04F79EFBC}") = "Nhom9-24520535-24520506-24520507", "Nhom9-24520535-24520506-24520507\Nhom9-24520535-24520506-24520507.csproj", "{A90AEFA1-4B76-48DB-9B21-CD3BE6D2DA8D}"
EndProject
Global
	GlobalSection(SolutionConfigurationPlatforms) = preSolution
		Debug|Any CPU = Debug|Any CPU
		Release|Any CPU = Release|Any CPU
	EndGlobalSection
	GlobalSection(ProjectConfigurationPlatforms) = postSolution
		{A90AEFA1-4B76-48DB-9B21-CD3BE6D2DA8D}.Debug|Any CPU.ActiveCfg = Debug|Any CPU
		{A90AEFA1-4B76-48DB-9B21-CD3BE6D2DA8D}.Debug|Any CPU.Build.0 = Debug|Any CPU
		{A90AEFA1-4B76-48DB-9B21-CD3BE6D2DA8D}.Release|Any CPU.ActiveCfg = Release|Any CPU
		{A90AEFA1-4B76-48DB-9B21-CD3BE6D2DA8D}.Release|Any CPU.Build.0 = Release|Any CPU
	EndGlobalSection
	GlobalSection(SolutionProperties) = preSolution
		HideSolutionNode = FALSE
	EndGlobalSection
	GlobalSection(ExtensibilityGlobals) = postSolution
		SolutionGuid = {9CC8DA66-729A-4539-A0AF-CBCA9061EA14}
	EndGlobalSection
EndGlobal
